
Microsoft Visual Studio Solution File, Format Version 12.00
# Visual Studio Version 16
VisualStudioVersion = 16.0.31402.337
MinimumVisualStudioVersion = 10.0.40219.1
Project("{8BC9CEB8-8B4A-11D0-8D11-00A0C91BC942}") = "Задача№5", "Задача№5\Задача№5.vcxproj", "{BAF23FB4-FD47-421D-94B1-DB9C9C05DB65}"
EndProject
Global
	GlobalSection(SolutionConfigurationPlatforms) = preSolution
		Debug|x64 = Debug|x64
		Debug|x86 = Debug|x86
		Release|x64 = Release|x64
		Release|x86 = Release|x86
	EndGlobalSection
	GlobalSection(ProjectConfigurationPlatforms) = postSolution
		{BAF23FB4-FD47-421D-94B1-DB9C9C05DB65}.Debug|x64.ActiveCfg = Debug|x64
		{BAF23FB4-FD47-421D-94B1-DB9C9C05DB65}.Debug|x64.Build.0 = Debug|x64
		{BAF23FB4-FD47-421D-94B1-DB9C9C05DB65}.Debug|x86.ActiveCfg = Debug|Win32
		{BAF23FB4-FD47-421D-94B1-DB9C9C05DB65}.Debug|x86.Build.0 = Debug|Win32
		{BAF23FB4-FD47-421D-94B1-DB9C9C05DB65}.Release|x64.ActiveCfg = Release|x64
		{BAF23FB4-FD47-421D-94B1-DB9C9C05DB65}.Release|x64.Build.0 = Release|x64
		{BAF23FB4-FD47-421D-94B1-DB9C9C05DB65}.Release|x86.ActiveCfg = Release|Win32
		{BAF23FB4-FD47-421D-94B1-DB9C9C05DB65}.Release|x86.Build.0 = Release|Win32
	EndGlobalSection
	GlobalSection(SolutionProperties) = preSolution
		HideSolutionNode = FALSE
	EndGlobalSection
	GlobalSection(ExtensibilityGlobals) = postSolution
		SolutionGuid = {FB60749F-04B2-49FA-8A88-6086A4586D1A}
	EndGlobalSection
EndGlobal
